
Microsoft Visual Studio Solution File, Format Version 12.00
# Visual Studio Version 17
VisualStudioVersion = 17.6.33717.318
MinimumVisualStudioVersion = 10.0.40219.1
Project("{FAE04EC0-301F-11D3-BF4B-00C04F79EFBC}") = "BlazorAzureCITest", "BlazorAzureCITest\BlazorAzureCITest.csproj", "{04112AC6-6D11-4B2C-B49B-FAADF45B3D01}"
EndProject
Global
	GlobalSection(SolutionConfigurationPlatforms) = preSolution
		Debug|Any CPU = Debug|Any CPU
		Release|Any CPU = Release|Any CPU
	EndGlobalSection
	GlobalSection(ProjectConfigurationPlatforms) = postSolution
		{04112AC6-6D11-4B2C-B49B-FAADF45B3D01}.Debug|Any CPU.ActiveCfg = Debug|Any CPU
		{04112AC6-6D11-4B2C-B49B-FAADF45B3D01}.Debug|Any CPU.Build.0 = Debug|Any CPU
		{04112AC6-6D11-4B2C-B49B-FAADF45B3D01}.Release|Any CPU.ActiveCfg = Release|Any CPU
		{04112AC6-6D11-4B2C-B49B-FAADF45B3D01}.Release|Any CPU.Build.0 = Release|Any CPU
	EndGlobalSection
	GlobalSection(SolutionProperties) = preSolution
		HideSolutionNode = FALSE
	EndGlobalSection
	GlobalSection(ExtensibilityGlobals) = postSolution
		SolutionGuid = {BC178E27-BF19-4CBC-AED7-67C71F28BA44}
	EndGlobalSection
EndGlobal
